
Microsoft Visual Studio Solution File, Format Version 10.00
# Visual Studio 2008
Project("{8BC9CEB8-8B4A-11D0-8D11-00A0C91BC942}") = "LibAsio", "example\LibAsio.vcproj", "{00CEA8D0-EAEB-458E-BC0F-C4039707B0EF}"
EndProject
Project("{8BC9CEB8-8B4A-11D0-8D11-00A0C91BC942}") = "LibAsioTest", "LibAsioTest\LibAsioTest.vcproj", "{2BA35704-2D5E-4141-A088-04F7EC5C21B0}"
EndProject
Global
	GlobalSection(SolutionConfigurationPlatforms) = preSolution
		Debug|Win32 = Debug|Win32
		Debug|x64 = Debug|x64
		Release|Win32 = Release|Win32
		Release|x64 = Release|x64
	EndGlobalSection
	GlobalSection(ProjectConfigurationPlatforms) = postSolution
		{00CEA8D0-EAEB-458E-BC0F-C4039707B0EF}.Debug|Win32.ActiveCfg = Debug|Win32
		{00CEA8D0-EAEB-458E-BC0F-C4039707B0EF}.Debug|Win32.Build.0 = Debug|Win32
		{00CEA8D0-EAEB-458E-BC0F-C4039707B0EF}.Debug|x64.ActiveCfg = Debug|x64
		{00CEA8D0-EAEB-458E-BC0F-C4039707B0EF}.Debug|x64.Build.0 = Debug|x64
		{00CEA8D0-EAEB-458E-BC0F-C4039707B0EF}.Release|Win32.ActiveCfg = Release|Win32
		{00CEA8D0-EAEB-458E-BC0F-C4039707B0EF}.Release|Win32.Build.0 = Release|Win32
		{00CEA8D0-EAEB-458E-BC0F-C4039707B0EF}.Release|x64.ActiveCfg = Release|x64
		{00CEA8D0-EAEB-458E-BC0F-C4039707B0EF}.Release|x64.Build.0 = Release|x64
		{2BA35704-2D5E-4141-A088-04F7EC5C21B0}.Debug|Win32.ActiveCfg = Debug|Win32
		{2BA35704-2D5E-4141-A088-04F7EC5C21B0}.Debug|Win32.Build.0 = Debug|Win32
		{2BA35704-2D5E-4141-A088-04F7EC5C21B0}.Debug|x64.ActiveCfg = Debug|x64
		{2BA35704-2D5E-4141-A088-04F7EC5C21B0}.Release|Win32.ActiveCfg = Release|Win32
		{2BA35704-2D5E-4141-A088-04F7EC5C21B0}.Release|Win32.Build.0 = Release|Win32
		{2BA35704-2D5E-4141-A088-04F7EC5C21B0}.Release|x64.ActiveCfg = Release|x64
	EndGlobalSection
	GlobalSection(SolutionProperties) = preSolution
		HideSolutionNode = FALSE
	EndGlobalSection
EndGlobal
